{
  "name": "@pgrdaw/bananize",
  "version": "1.0.0",
  "lockfileVersion": 3,
  "requires": true,
  "packages": {
    "": {
      "name": "@pgrdaw/bananize",
      "version": "1.0.0",
      "license": "ISC",
      "dependencies": {
        "bananize": "^1.0.0"
      }
    },
    "node_modules/bananize": {
      "version": "1.0.0",
      "resolved": "https://registry.npmjs.org/bananize/-/bananize-1.0.0.tgz",
      "integrity": "sha512-DEs6tfUQRKsV7E3vgNbtDreAoNJwrwKtSgggSR/lv4sq9whwlNJNp8qAD8qmVXR7qxZxxPIxzif8eI3gc6TBlA=="
    }
  }
}
